
Microsoft Visual Studio Solution File, Format Version 12.00
# Visual Studio Version 17
VisualStudioVersion = 17.12.35514.174
MinimumVisualStudioVersion = 10.0.40219.1
Project("{FAE04EC0-301F-11D3-BF4B-00C04F79EFBC}") = "Chap_09_HeapSort_PriorityQueue", "Chap_09_HeapSort_PriorityQueue\Chap_09_HeapSort_PriorityQueue.csproj", "{6220D643-90F8-4434-A0B3-58A03FEFBCC9}"
EndProject
Project("{FAE04EC0-301F-11D3-BF4B-00C04F79EFBC}") = "Chap_10_Hash_Table", "Chap_10_Hash_Table\Chap_10_Hash_Table.csproj", "{79A26A64-5DD6-4399-A047-5901EC392A0A}"
EndProject
Project("{FAE04EC0-301F-11D3-BF4B-00C04F79EFBC}") = "Chap_03_Searching_Algorithm", "Chap_03_Searching_Algorithm\Chap_03_Searching_Algorithm.csproj", "{CDBCD747-17E9-4115-865A-8C64090B57B0}"
EndProject
Project("{FAE04EC0-301F-11D3-BF4B-00C04F79EFBC}") = "Chap_04_Sorting_Algorithm", "Chap_04_Sorting_Algorithm\Chap_04_Sorting_Algorithm.csproj", "{78C9F74F-FB8D-4AB6-83A9-8AD42A63E930}"
EndProject
Project("{FAE04EC0-301F-11D3-BF4B-00C04F79EFBC}") = "Chap_05_Stack_&_Queue", "Chap_05_Stack_&_Queue\Chap_05_Stack_&_Queue.csproj", "{6B081254-2B0F-403C-BC3F-0A97C6656E80}"
EndProject
Project("{FAE04EC0-301F-11D3-BF4B-00C04F79EFBC}") = "Chap_06_Linked_List", "Chap_06_Linked_List\Chap_06_Linked_List.csproj", "{6D9F7050-745A-40D6-AA4F-327B2766FC23}"
EndProject
Project("{FAE04EC0-301F-11D3-BF4B-00C04F79EFBC}") = "Chap_07_Tree", "Chap_07_Tree\Chap_07_Tree.csproj", "{450161FE-BFB1-468A-B464-49357D7FE6BE}"
EndProject
Project("{FAE04EC0-301F-11D3-BF4B-00C04F79EFBC}") = "Chap_08_Binary_Search_Tree", "Chap_08_Binary_Search_Tree\Chap_08_Binary_Search_Tree.csproj", "{F60424AA-DE16-4FA0-A8D1-7B1F9A8B9796}"
EndProject
Project("{FAE04EC0-301F-11D3-BF4B-00C04F79EFBC}") = "Chap_11_More_Sorting_Algorithm", "Chap_11_More_Sorting_Algorithm\Chap_11_More_Sorting_Algorithm.csproj", "{282FB9DA-54FC-4F0A-8D9B-6F8C17DF9697}"
EndProject
Global
	GlobalSection(SolutionConfigurationPlatforms) = preSolution
		Debug|Any CPU = Debug|Any CPU
		Release|Any CPU = Release|Any CPU
	EndGlobalSection
	GlobalSection(ProjectConfigurationPlatforms) = postSolution
		{6220D643-90F8-4434-A0B3-58A03FEFBCC9}.Debug|Any CPU.ActiveCfg = Debug|Any CPU
		{6220D643-90F8-4434-A0B3-58A03FEFBCC9}.Debug|Any CPU.Build.0 = Debug|Any CPU
		{6220D643-90F8-4434-A0B3-58A03FEFBCC9}.Release|Any CPU.ActiveCfg = Release|Any CPU
		{6220D643-90F8-4434-A0B3-58A03FEFBCC9}.Release|Any CPU.Build.0 = Release|Any CPU
		{79A26A64-5DD6-4399-A047-5901EC392A0A}.Debug|Any CPU.ActiveCfg = Debug|Any CPU
		{79A26A64-5DD6-4399-A047-5901EC392A0A}.Debug|Any CPU.Build.0 = Debug|Any CPU
		{79A26A64-5DD6-4399-A047-5901EC392A0A}.Release|Any CPU.ActiveCfg = Release|Any CPU
		{79A26A64-5DD6-4399-A047-5901EC392A0A}.Release|Any CPU.Build.0 = Release|Any CPU
		{CDBCD747-17E9-4115-865A-8C64090B57B0}.Debug|Any CPU.ActiveCfg = Debug|Any CPU
		{CDBCD747-17E9-4115-865A-8C64090B57B0}.Debug|Any CPU.Build.0 = Debug|Any CPU
		{CDBCD747-17E9-4115-865A-8C64090B57B0}.Release|Any CPU.ActiveCfg = Release|Any CPU
		{CDBCD747-17E9-4115-865A-8C64090B57B0}.Release|Any CPU.Build.0 = Release|Any CPU
		{78C9F74F-FB8D-4AB6-83A9-8AD42A63E930}.Debug|Any CPU.ActiveCfg = Debug|Any CPU
		{78C9F74F-FB8D-4AB6-83A9-8AD42A63E930}.Debug|Any CPU.Build.0 = Debug|Any CPU
		{78C9F74F-FB8D-4AB6-83A9-8AD42A63E930}.Release|Any CPU.ActiveCfg = Release|Any CPU
		{78C9F74F-FB8D-4AB6-83A9-8AD42A63E930}.Release|Any CPU.Build.0 = Release|Any CPU
		{6B081254-2B0F-403C-BC3F-0A97C6656E80}.Debug|Any CPU.ActiveCfg = Debug|Any CPU
		{6B081254-2B0F-403C-BC3F-0A97C6656E80}.Debug|Any CPU.Build.0 = Debug|Any CPU
		{6B081254-2B0F-403C-BC3F-0A97C6656E80}.Release|Any CPU.ActiveCfg = Release|Any CPU
		{6B081254-2B0F-403C-BC3F-0A97C6656E80}.Release|Any CPU.Build.0 = Release|Any CPU
		{6D9F7050-745A-40D6-AA4F-327B2766FC23}.Debug|Any CPU.ActiveCfg = Debug|Any CPU
		{6D9F7050-745A-40D6-AA4F-327B2766FC23}.Debug|Any CPU.Build.0 = Debug|Any CPU
		{6D9F7050-745A-40D6-AA4F-327B2766FC23}.Release|Any CPU.ActiveCfg = Release|Any CPU
		{6D9F7050-745A-40D6-AA4F-327B2766FC23}.Release|Any CPU.Build.0 = Release|Any CPU
		{450161FE-BFB1-468A-B464-49357D7FE6BE}.Debug|Any CPU.ActiveCfg = Debug|Any CPU
		{450161FE-BFB1-468A-B464-49357D7FE6BE}.Debug|Any CPU.Build.0 = Debug|Any CPU
		{450161FE-BFB1-468A-B464-49357D7FE6BE}.Release|Any CPU.ActiveCfg = Release|Any CPU
		{450161FE-BFB1-468A-B464-49357D7FE6BE}.Release|Any CPU.Build.0 = Release|Any CPU
		{F60424AA-DE16-4FA0-A8D1-7B1F9A8B9796}.Debug|Any CPU.ActiveCfg = Debug|Any CPU
		{F60424AA-DE16-4FA0-A8D1-7B1F9A8B9796}.Debug|Any CPU.Build.0 = Debug|Any CPU
		{F60424AA-DE16-4FA0-A8D1-7B1F9A8B9796}.Release|Any CPU.ActiveCfg = Release|Any CPU
		{F60424AA-DE16-4FA0-A8D1-7B1F9A8B9796}.Release|Any CPU.Build.0 = Release|Any CPU
		{282FB9DA-54FC-4F0A-8D9B-6F8C17DF9697}.Debug|Any CPU.ActiveCfg = Debug|Any CPU
		{282FB9DA-54FC-4F0A-8D9B-6F8C17DF9697}.Debug|Any CPU.Build.0 = Debug|Any CPU
		{282FB9DA-54FC-4F0A-8D9B-6F8C17DF9697}.Release|Any CPU.ActiveCfg = Release|Any CPU
		{282FB9DA-54FC-4F0A-8D9B-6F8C17DF9697}.Release|Any CPU.Build.0 = Release|Any CPU
	EndGlobalSection
	GlobalSection(SolutionProperties) = preSolution
		HideSolutionNode = FALSE
	EndGlobalSection
EndGlobal
